<?xml version="1.0" encoding="utf-8"?>
<Project ToolsVersion="4.0" xmlns="http://schemas.microsoft.com/developer/msbuild/2003">
  <ItemGroup>
    <ClCompile Include="ConfigUtils.cpp" />
    <ClCompile Include="LocationUtils.cpp" />
    <ClCompile Include="main.cpp" />
    <ClCompile Include="MyPlugin.cpp" />
    <ClCompile Include="SpawnUtils.cpp" />
    <ClCompile Include="IntList.cpp">
      <Filter>Collections</Filter>
    </ClCompile>
    <ClCompile Include="ListLibary.cpp">
      <Filter>Collections</Filter>
    </ClCompile>
  </ItemGroup>
  <ItemGroup>
    <ClInclude Include="ConfigUtils.h" />
    <ClInclude Include="LocationUtils.h" />
    <ClInclude Include="MyPlugin.h" />
    <ClInclude Include="SpawnUtils.h" />
    <ClInclude Include="IntList.h">
      <Filter>Collections</Filter>
    </ClInclude>
    <ClInclude Include="ListLibary.h">
      <Filter>Collections</Filter>
    </ClInclude>
  </ItemGroup>
  <ItemGroup>
    <None Include="exports.def" />
  </ItemGroup>
  <ItemGroup>
    <Filter Include="Collections">
      <UniqueIdentifier>{bb75b88d-4984-4506-b683-8f7f7add69a3}</UniqueIdentifier>
    </Filter>
  </ItemGroup>
</Project>